// !$*UTF8*$!
{
	archiveVersion = 1;
	classes = {
	};
	objectVersion = 50;
	objects = {

/* Begin PBXBuildFile section */
		9B2AC8F52589C06000899B0F /* AppDelegate.swift in Sources */ = {isa = PBXBuildFile; fileRef = 9B2AC8F42589C06000899B0F /* AppDelegate.swift */; };
		9B2AC8F72589C06000899B0F /* SceneDelegate.swift in Sources */ = {isa = PBXBuildFile; fileRef = 9B2AC8F62589C06000899B0F /* SceneDelegate.swift */; };
		9B2AC8FC2589C06000899B0F /* Main.storyboard in Resources */ = {isa = PBXBuildFile; fileRef = 9B2AC8FA2589C06000899B0F /* Main.storyboard */; };
		9B2AC8FE2589C06100899B0F /* Assets.xcassets in Resources */ = {isa = PBXBuildFile; fileRef = 9B2AC8FD2589C06100899B0F /* Assets.xcassets */; };
		9B2AC9012589C06100899B0F /* LaunchScreen.storyboard in Resources */ = {isa = PBXBuildFile; fileRef = 9B2AC8FF2589C06100899B0F /* LaunchScreen.storyboard */; };
		9B2AC90B2589C1AD00899B0F /* NetworkController.swift in Sources */ = {isa = PBXBuildFile; fileRef = 9B2AC90A2589C1AD00899B0F /* NetworkController.swift */; };
		9B2AC9122589C51000899B0F /* Planet.swift in Sources */ = {isa = PBXBuildFile; fileRef = 9B2AC9112589C51000899B0F /* Planet.swift */; };
		9B2AC9152589D84D00899B0F /* PlanetsTableViewController.swift in Sources */ = {isa = PBXBuildFile; fileRef = 9B2AC9142589D84D00899B0F /* PlanetsTableViewController.swift */; };
		9B56406225CCE4FC007E7EA4 /* UnderdogDevsTests.swift in Sources */ = {isa = PBXBuildFile; fileRef = 9B56406125CCE4FC007E7EA4 /* UnderdogDevsTests.swift */; };
		9B76435A25D8556700286338 /* NetworkSession.swift in Sources */ = {isa = PBXBuildFile; fileRef = 9B76435925D8556700286338 /* NetworkSession.swift */; };
		9B76435E25D857D600286338 /* MockSession.swift in Sources */ = {isa = PBXBuildFile; fileRef = 9B76435D25D857D600286338 /* MockSession.swift */; };
/* End PBXBuildFile section */

/* Begin PBXContainerItemProxy section */
		9B56406425CCE4FC007E7EA4 /* PBXContainerItemProxy */ = {
			isa = PBXContainerItemProxy;
			containerPortal = 9B2AC8E92589C06000899B0F /* Project object */;
			proxyType = 1;
			remoteGlobalIDString = 9B2AC8F02589C06000899B0F;
			remoteInfo = UnderdogDevs;
		};
/* End PBXContainerItemProxy section */

/* Begin PBXFileReference section */
		9B2AC8F12589C06000899B0F /* UnderdogDevs.app */ = {isa = PBXFileReference; explicitFileType = wrapper.application; includeInIndex = 0; path = UnderdogDevs.app; sourceTree = BUILT_PRODUCTS_DIR; };
		9B2AC8F42589C06000899B0F /* AppDelegate.swift */ = {isa = PBXFileReference; lastKnownFileType = sourcecode.swift; path = AppDelegate.swift; sourceTree = "<group>"; };
		9B2AC8F62589C06000899B0F /* SceneDelegate.swift */ = {isa = PBXFileReference; lastKnownFileType = sourcecode.swift; path = SceneDelegate.swift; sourceTree = "<group>"; };
		9B2AC8FB2589C06000899B0F /* Base */ = {isa = PBXFileReference; lastKnownFileType = file.storyboard; name = Base; path = Base.lproj/Main.storyboard; sourceTree = "<group>"; };
		9B2AC8FD2589C06100899B0F /* Assets.xcassets */ = {isa = PBXFileReference; lastKnownFileType = folder.assetcatalog; path = Assets.xcassets; sourceTree = "<group>"; };
		9B2AC9002589C06100899B0F /* Base */ = {isa = PBXFileReference; lastKnownFileType = file.storyboard; name = Base; path = Base.lproj/LaunchScreen.storyboard; sourceTree = "<group>"; };
		9B2AC9022589C06100899B0F /* Info.plist */ = {isa = PBXFileReference; lastKnownFileType = text.plist.xml; path = Info.plist; sourceTree = "<group>"; };
		9B2AC90A2589C1AD00899B0F /* NetworkController.swift */ = {isa = PBXFileReference; lastKnownFileType = sourcecode.swift; path = NetworkController.swift; sourceTree = "<group>"; };
		9B2AC9112589C51000899B0F /* Planet.swift */ = {isa = PBXFileReference; lastKnownFileType = sourcecode.swift; path = Planet.swift; sourceTree = "<group>"; };
		9B2AC9142589D84D00899B0F /* PlanetsTableViewController.swift */ = {isa = PBXFileReference; lastKnownFileType = sourcecode.swift; path = PlanetsTableViewController.swift; sourceTree = "<group>"; };
		9B56405F25CCE4FC007E7EA4 /* UnderdogDevsTests.xctest */ = {isa = PBXFileReference; explicitFileType = wrapper.cfbundle; includeInIndex = 0; path = UnderdogDevsTests.xctest; sourceTree = BUILT_PRODUCTS_DIR; };
		9B56406125CCE4FC007E7EA4 /* UnderdogDevsTests.swift */ = {isa = PBXFileReference; lastKnownFileType = sourcecode.swift; path = UnderdogDevsTests.swift; sourceTree = "<group>"; };
		9B56406325CCE4FC007E7EA4 /* Info.plist */ = {isa = PBXFileReference; lastKnownFileType = text.plist.xml; path = Info.plist; sourceTree = "<group>"; };
		9B76435925D8556700286338 /* NetworkSession.swift */ = {isa = PBXFileReference; lastKnownFileType = sourcecode.swift; path = NetworkSession.swift; sourceTree = "<group>"; };
		9B76435D25D857D600286338 /* MockSession.swift */ = {isa = PBXFileReference; lastKnownFileType = sourcecode.swift; path = MockSession.swift; sourceTree = "<group>"; };
/* End PBXFileReference section */

/* Begin PBXFrameworksBuildPhase section */
		9B2AC8EE2589C06000899B0F /* Frameworks */ = {
			isa = PBXFrameworksBuildPhase;
			buildActionMask = 2147483647;
			files = (
			);
			runOnlyForDeploymentPostprocessing = 0;
		};
		9B56405C25CCE4FC007E7EA4 /* Frameworks */ = {
			isa = PBXFrameworksBuildPhase;
			buildActionMask = 2147483647;
			files = (
			);
			runOnlyForDeploymentPostprocessing = 0;
		};
/* End PBXFrameworksBuildPhase section */

/* Begin PBXGroup section */
		9B2AC8E82589C06000899B0F = {
			isa = PBXGroup;
			children = (
				9B2AC8F32589C06000899B0F /* UnderdogDevs */,
				9B56406025CCE4FC007E7EA4 /* UnderdogDevsTests */,
				9B2AC8F22589C06000899B0F /* Products */,
			);
			sourceTree = "<group>";
		};
		9B2AC8F22589C06000899B0F /* Products */ = {
			isa = PBXGroup;
			children = (
				9B2AC8F12589C06000899B0F /* UnderdogDevs.app */,
				9B56405F25CCE4FC007E7EA4 /* UnderdogDevsTests.xctest */,
			);
			name = Products;
			sourceTree = "<group>";
		};
		9B2AC8F32589C06000899B0F /* UnderdogDevs */ = {
			isa = PBXGroup;
			children = (
				9B2AC8F42589C06000899B0F /* AppDelegate.swift */,
				9B2AC8F62589C06000899B0F /* SceneDelegate.swift */,
				9B2AC8FA2589C06000899B0F /* Main.storyboard */,
				9B2AC8FD2589C06100899B0F /* Assets.xcassets */,
				9B2AC8FF2589C06100899B0F /* LaunchScreen.storyboard */,
				9B2AC9022589C06100899B0F /* Info.plist */,
				9B2AC90A2589C1AD00899B0F /* NetworkController.swift */,
				9B76435925D8556700286338 /* NetworkSession.swift */,
				9B2AC9112589C51000899B0F /* Planet.swift */,
				9B2AC9142589D84D00899B0F /* PlanetsTableViewController.swift */,
			);
			path = UnderdogDevs;
			sourceTree = "<group>";
		};
		9B56406025CCE4FC007E7EA4 /* UnderdogDevsTests */ = {
			isa = PBXGroup;
			children = (
				9B56406125CCE4FC007E7EA4 /* UnderdogDevsTests.swift */,
				9B56406325CCE4FC007E7EA4 /* Info.plist */,
				9B76435D25D857D600286338 /* MockSession.swift */,
			);
			path = UnderdogDevsTests;
			sourceTree = "<group>";
		};
/* End PBXGroup section */

/* Begin PBXNativeTarget section */
		9B2AC8F02589C06000899B0F /* UnderdogDevs */ = {
			isa = PBXNativeTarget;
			buildConfigurationList = 9B2AC9052589C06100899B0F /* Build configuration list for PBXNativeTarget "UnderdogDevs" */;
			buildPhases = (
				9B2AC8ED2589C06000899B0F /* Sources */,
				9B2AC8EE2589C06000899B0F /* Frameworks */,
				9B2AC8EF2589C06000899B0F /* Resources */,
			);
			buildRules = (
			);
			dependencies = (
			);
			name = UnderdogDevs;
			productName = UnderdogDevs;
			productReference = 9B2AC8F12589C06000899B0F /* UnderdogDevs.app */;
			productType = "com.apple.product-type.application";
		};
		9B56405E25CCE4FC007E7EA4 /* UnderdogDevsTests */ = {
			isa = PBXNativeTarget;
			buildConfigurationList = 9B56406825CCE4FC007E7EA4 /* Build configuration list for PBXNativeTarget "UnderdogDevsTests" */;
			buildPhases = (
				9B56405B25CCE4FC007E7EA4 /* Sources */,
				9B56405C25CCE4FC007E7EA4 /* Frameworks */,
				9B56405D25CCE4FC007E7EA4 /* Resources */,
			);
			buildRules = (
			);
			dependencies = (
				9B56406525CCE4FC007E7EA4 /* PBXTargetDependency */,
			);
			name = UnderdogDevsTests;
			productName = UnderdogDevsTests;
			productReference = 9B56405F25CCE4FC007E7EA4 /* UnderdogDevsTests.xctest */;
			productType = "com.apple.product-type.bundle.unit-test";
		};
/* End PBXNativeTarget section */

/* Begin PBXProject section */
		9B2AC8E92589C06000899B0F /* Project object */ = {
			isa = PBXProject;
			attributes = {
				LastSwiftUpdateCheck = 1200;
				LastUpgradeCheck = 1200;
				TargetAttributes = {
					9B2AC8F02589C06000899B0F = {
						CreatedOnToolsVersion = 12.0;
					};
					9B56405E25CCE4FC007E7EA4 = {
						CreatedOnToolsVersion = 12.0;
						TestTargetID = 9B2AC8F02589C06000899B0F;
					};
				};
			};
			buildConfigurationList = 9B2AC8EC2589C06000899B0F /* Build configuration list for PBXProject "UnderdogDevs" */;
			compatibilityVersion = "Xcode 9.3";
			developmentRegion = en;
			hasScannedForEncodings = 0;
			knownRegions = (
				en,
				Base,
			);
			mainGroup = 9B2AC8E82589C06000899B0F;
			productRefGroup = 9B2AC8F22589C06000899B0F /* Products */;
			projectDirPath = "";
			projectRoot = "";
			targets = (
				9B2AC8F02589C06000899B0F /* UnderdogDevs */,
				9B56405E25CCE4FC007E7EA4 /* UnderdogDevsTests */,
			);
		};
/* End PBXProject section */

/* Begin PBXResourcesBuildPhase section */
		9B2AC8EF2589C06000899B0F /* Resources */ = {
			isa = PBXResourcesBuildPhase;
			buildActionMask = 2147483647;
			files = (
				9B2AC9012589C06100899B0F /* LaunchScreen.storyboard in Resources */,
				9B2AC8FE2589C06100899B0F /* Assets.xcassets in Resources */,
				9B2AC8FC2589C06000899B0F /* Main.storyboard in Resources */,
			);
			runOnlyForDeploymentPostprocessing = 0;
		};
		9B56405D25CCE4FC007E7EA4 /* Resources */ = {
			isa = PBXResourcesBuildPhase;
			buildActionMask = 2147483647;
			files = (
			);
			runOnlyForDeploymentPostprocessing = 0;
		};
/* End PBXResourcesBuildPhase section */

/* Begin PBXSourcesBuildPhase section */
		9B2AC8ED2589C06000899B0F /* Sources */ = {
			isa = PBXSourcesBuildPhase;
			buildActionMask = 2147483647;
			files = (
				9B2AC8F52589C06000899B0F /* AppDelegate.swift in Sources */,
				9B2AC8F72589C06000899B0F /* SceneDelegate.swift in Sources */,
				9B2AC90B2589C1AD00899B0F /* NetworkController.swift in Sources */,
				9B76435A25D8556700286338 /* NetworkSession.swift in Sources */,
				9B2AC9122589C51000899B0F /* Planet.swift in Sources */,
				9B2AC9152589D84D00899B0F /* PlanetsTableViewController.swift in Sources */,
			);
			runOnlyForDeploymentPostprocessing = 0;
		};
		9B56405B25CCE4FC007E7EA4 /* Sources */ = {
			isa = PBXSourcesBuildPhase;
			buildActionMask = 2147483647;
			files = (
				9B76435E25D857D600286338 /* MockSession.swift in Sources */,
				9B56406225CCE4FC007E7EA4 /* UnderdogDevsTests.swift in Sources */,
			);
			runOnlyForDeploymentPostprocessing = 0;
		};
/* End PBXSourcesBuildPhase section */

/* Begin PBXTargetDependency section */
		9B56406525CCE4FC007E7EA4 /* PBXTargetDependency */ = {
			isa = PBXTargetDependency;
			target = 9B2AC8F02589C06000899B0F /* UnderdogDevs */;
			targetProxy = 9B56406425CCE4FC007E7EA4 /* PBXContainerItemProxy */;
		};
/* End PBXTargetDependency section */

/* Begin PBXVariantGroup section */
		9B2AC8FA2589C06000899B0F /* Main.storyboard */ = {
			isa = PBXVariantGroup;
			children = (
				9B2AC8FB2589C06000899B0F /* Base */,
			);
			name = Main.storyboard;
			sourceTree = "<group>";
		};
		9B2AC8FF2589C06100899B0F /* LaunchScreen.storyboard */ = {
			isa = PBXVariantGroup;
			children = (
				9B2AC9002589C06100899B0F /* Base */,
			);
			name = LaunchScreen.storyboard;
			sourceTree = "<group>";
		};
/* End PBXVariantGroup section */

/* Begin XCBuildConfiguration section */
		9B2AC9032589C06100899B0F /* Debug */ = {
			isa = XCBuildConfiguration;
			buildSettings = {
				ALWAYS_SEARCH_USER_PATHS = NO;
				CLANG_ANALYZER_NONNULL = YES;
				CLANG_ANALYZER_NUMBER_OBJECT_CONVERSION = YES_AGGRESSIVE;
				CLANG_CXX_LANGUAGE_STANDARD = "gnu++14";
				CLANG_CXX_LIBRARY = "libc++";
				CLANG_ENABLE_MODULES = YES;
				CLANG_ENABLE_OBJC_ARC = YES;
				CLANG_ENABLE_OBJC_WEAK = YES;
				CLANG_WARN_BLOCK_CAPTURE_AUTORELEASING = YES;
				CLANG_WARN_BOOL_CONVERSION = YES;
				CLANG_WARN_COMMA = YES;
				CLANG_WARN_CONSTANT_CONVERSION = YES;
				CLANG_WARN_DEPRECATED_OBJC_IMPLEMENTATIONS = YES;
				CLANG_WARN_DIRECT_OBJC_ISA_USAGE = YES_ERROR;
				CLANG_WARN_DOCUMENTATION_COMMENTS = YES;
				CLANG_WARN_EMPTY_BODY = YES;
				CLANG_WARN_ENUM_CONVERSION = YES;
				CLANG_WARN_INFINITE_RECURSION = YES;
				CLANG_WARN_INT_CONVERSION = YES;
				CLANG_WARN_NON_LITERAL_NULL_CONVERSION = YES;
				CLANG_WARN_OBJC_IMPLICIT_RETAIN_SELF = YES;
				CLANG_WARN_OBJC_LITERAL_CONVERSION = YES;
				CLANG_WARN_OBJC_ROOT_CLASS = YES_ERROR;
				CLANG_WARN_QUOTED_INCLUDE_IN_FRAMEWORK_HEADER = YES;
				CLANG_WARN_RANGE_LOOP_ANALYSIS = YES;
				CLANG_WARN_STRICT_PROTOTYPES = YES;
				CLANG_WARN_SUSPICIOUS_MOVE = YES;
				CLANG_WARN_UNGUARDED_AVAILABILITY = YES_AGGRESSIVE;
				CLANG_WARN_UNREACHABLE_CODE = YES;
				CLANG_WARN__DUPLICATE_METHOD_MATCH = YES;
				COPY_PHASE_STRIP = NO;
				DEBUG_INFORMATION_FORMAT = dwarf;
				ENABLE_STRICT_OBJC_MSGSEND = YES;
				ENABLE_TESTABILITY = YES;
				GCC_C_LANGUAGE_STANDARD = gnu11;
				GCC_DYNAMIC_NO_PIC = NO;
				GCC_NO_COMMON_BLOCKS = YES;
				GCC_OPTIMIZATION_LEVEL = 0;
				GCC_PREPROCESSOR_DEFINITIONS = (
					"DEBUG=1",
					"$(inherited)",
				);
				GCC_WARN_64_TO_32_BIT_CONVERSION = YES;
				GCC_WARN_ABOUT_RETURN_TYPE = YES_ERROR;
				GCC_WARN_UNDECLARED_SELECTOR = YES;
				GCC_WARN_UNINITIALIZED_AUTOS = YES_AGGRESSIVE;
				GCC_WARN_UNUSED_FUNCTION = YES;
				GCC_WARN_UNUSED_VARIABLE = YES;
				IPHONEOS_DEPLOYMENT_TARGET = 14.0;
				MTL_ENABLE_DEBUG_INFO = INCLUDE_SOURCE;
				MTL_FAST_MATH = YES;
				ONLY_ACTIVE_ARCH = YES;
				SDKROOT = iphoneos;
				SWIFT_ACTIVE_COMPILATION_CONDITIONS = DEBUG;
				SWIFT_OPTIMIZATION_LEVEL = "-Onone";
			};
			name = Debug;
		};
		9B2AC9042589C06100899B0F /* Release */ = {
			isa = XCBuildConfiguration;
			buildSettings = {
				ALWAYS_SEARCH_USER_PATHS = NO;
				CLANG_ANALYZER_NONNULL = YES;
				CLANG_ANALYZER_NUMBER_OBJECT_CONVERSION = YES_AGGRESSIVE;
				CLANG_CXX_LANGUAGE_STANDARD = "gnu++14";
				CLANG_CXX_LIBRARY = "libc++";
				CLANG_ENABLE_MODULES = YES;
				CLANG_ENABLE_OBJC_ARC = YES;
				CLANG_ENABLE_OBJC_WEAK = YES;
				CLANG_WARN_BLOCK_CAPTURE_AUTORELEASING = YES;
				CLANG_WARN_BOOL_CONVERSION = YES;
				CLANG_WARN_COMMA = YES;
				CLANG_WARN_CONSTANT_CONVERSION = YES;
				CLANG_WARN_DEPRECATED_OBJC_IMPLEMENTATIONS = YES;
				CLANG_WARN_DIRECT_OBJC_ISA_USAGE = YES_ERROR;
				CLANG_WARN_DOCUMENTATION_COMMENTS = YES;
				CLANG_WARN_EMPTY_BODY = YES;
				CLANG_WARN_ENUM_CONVERSION = YES;
				CLANG_WARN_INFINITE_RECURSION = YES;
				CLANG_WARN_INT_CONVERSION = YES;
				CLANG_WARN_NON_LITERAL_NULL_CONVERSION = YES;
				CLANG_WARN_OBJC_IMPLICIT_RETAIN_SELF = YES;
				CLANG_WARN_OBJC_LITERAL_CONVERSION = YES;
				CLANG_WARN_OBJC_ROOT_CLASS = YES_ERROR;
				CLANG_WARN_QUOTED_INCLUDE_IN_FRAMEWORK_HEADER = YES;
				CLANG_WARN_RANGE_LOOP_ANALYSIS = YES;
				CLANG_WARN_STRICT_PROTOTYPES = YES;
				CLANG_WARN_SUSPICIOUS_MOVE = YES;
				CLANG_WARN_UNGUARDED_AVAILABILITY = YES_AGGRESSIVE;
				CLANG_WARN_UNREACHABLE_CODE = YES;
				CLANG_WARN__DUPLICATE_METHOD_MATCH = YES;
				COPY_PHASE_STRIP = NO;
				DEBUG_INFORMATION_FORMAT = "dwarf-with-dsym";
				ENABLE_NS_ASSERTIONS = NO;
				ENABLE_STRICT_OBJC_MSGSEND = YES;
				GCC_C_LANGUAGE_STANDARD = gnu11;
				GCC_NO_COMMON_BLOCKS = YES;
				GCC_WARN_64_TO_32_BIT_CONVERSION = YES;
				GCC_WARN_ABOUT_RETURN_TYPE = YES_ERROR;
				GCC_WARN_UNDECLARED_SELECTOR = YES;
				GCC_WARN_UNINITIALIZED_AUTOS = YES_AGGRESSIVE;
				GCC_WARN_UNUSED_FUNCTION = YES;
				GCC_WARN_UNUSED_VARIABLE = YES;
				IPHONEOS_DEPLOYMENT_TARGET = 14.0;
				MTL_ENABLE_DEBUG_INFO = NO;
				MTL_FAST_MATH = YES;
				SDKROOT = iphoneos;
				SWIFT_COMPILATION_MODE = wholemodule;
				SWIFT_OPTIMIZATION_LEVEL = "-O";
				VALIDATE_PRODUCT = YES;
			};
			name = Release;
		};
		9B2AC9062589C06100899B0F /* Debug */ = {
			isa = XCBuildConfiguration;
			buildSettings = {
				ASSETCATALOG_COMPILER_APPICON_NAME = AppIcon;
				ASSETCATALOG_COMPILER_GLOBAL_ACCENT_COLOR_NAME = AccentColor;
				CODE_SIGN_STYLE = Automatic;
				DEVELOPMENT_TEAM = 7Q28B2MC2C;
				INFOPLIST_FILE = UnderdogDevs/Info.plist;
				LD_RUNPATH_SEARCH_PATHS = (
					"$(inherited)",
					"@executable_path/Frameworks",
				);
				PRODUCT_BUNDLE_IDENTIFIER = humans.mx.UnderdogDevs;
				PRODUCT_NAME = "$(TARGET_NAME)";
				SWIFT_VERSION = 5.0;
				TARGETED_DEVICE_FAMILY = "1,2";
			};
			name = Debug;
		};
		9B2AC9072589C06100899B0F /* Release */ = {
			isa = XCBuildConfiguration;
			buildSettings = {
				ASSETCATALOG_COMPILER_APPICON_NAME = AppIcon;
				ASSETCATALOG_COMPILER_GLOBAL_ACCENT_COLOR_NAME = AccentColor;
				CODE_SIGN_STYLE = Automatic;
				DEVELOPMENT_TEAM = 7Q28B2MC2C;
				INFOPLIST_FILE = UnderdogDevs/Info.plist;
				LD_RUNPATH_SEARCH_PATHS = (
					"$(inherited)",
					"@executable_path/Frameworks",
				);
				PRODUCT_BUNDLE_IDENTIFIER = humans.mx.UnderdogDevs;
				PRODUCT_NAME = "$(TARGET_NAME)";
				SWIFT_VERSION = 5.0;
				TARGETED_DEVICE_FAMILY = "1,2";
			};
			name = Release;
		};
		9B56406625CCE4FC007E7EA4 /* Debug */ = {
			isa = XCBuildConfiguration;
			buildSettings = {
				BUNDLE_LOADER = "$(TEST_HOST)";
				CODE_SIGN_STYLE = Automatic;
				DEVELOPMENT_TEAM = S3Y5455NHP;
				INFOPLIST_FILE = UnderdogDevsTests/Info.plist;
				LD_RUNPATH_SEARCH_PATHS = (
					"$(inherited)",
					"@executable_path/Frameworks",
					"@loader_path/Frameworks",
				);
				PRODUCT_BUNDLE_IDENTIFIER = humans.mx.UnderdogDevsTests;
				PRODUCT_NAME = "$(TARGET_NAME)";
				SWIFT_VERSION = 5.0;
				TARGETED_DEVICE_FAMILY = "1,2";
				TEST_HOST = "$(BUILT_PRODUCTS_DIR)/UnderdogDevs.app/UnderdogDevs";
			};
			name = Debug;
		};
		9B56406725CCE4FC007E7EA4 /* Release */ = {
			isa = XCBuildConfiguration;
			buildSettings = {
				BUNDLE_LOADER = "$(TEST_HOST)";
				CODE_SIGN_STYLE = Automatic;
				DEVELOPMENT_TEAM = S3Y5455NHP;
				INFOPLIST_FILE = UnderdogDevsTests/Info.plist;
				LD_RUNPATH_SEARCH_PATHS = (
					"$(inherited)",
					"@executable_path/Frameworks",
					"@loader_path/Frameworks",
				);
				PRODUCT_BUNDLE_IDENTIFIER = humans.mx.UnderdogDevsTests;
				PRODUCT_NAME = "$(TARGET_NAME)";
				SWIFT_VERSION = 5.0;
				TARGETED_DEVICE_FAMILY = "1,2";
				TEST_HOST = "$(BUILT_PRODUCTS_DIR)/UnderdogDevs.app/UnderdogDevs";
			};
			name = Release;
		};
/* End XCBuildConfiguration section */

/* Begin XCConfigurationList section */
		9B2AC8EC2589C06000899B0F /* Build configuration list for PBXProject "UnderdogDevs" */ = {
			isa = XCConfigurationList;
			buildConfigurations = (
				9B2AC9032589C06100899B0F /* Debug */,
				9B2AC9042589C06100899B0F /* Release */,
			);
			defaultConfigurationIsVisible = 0;
			defaultConfigurationName = Release;
		};
		9B2AC9052589C06100899B0F /* Build configuration list for PBXNativeTarget "UnderdogDevs" */ = {
			isa = XCConfigurationList;
			buildConfigurations = (
				9B2AC9062589C06100899B0F /* Debug */,
				9B2AC9072589C06100899B0F /* Release */,
			);
			defaultConfigurationIsVisible = 0;
			defaultConfigurationName = Release;
		};
		9B56406825CCE4FC007E7EA4 /* Build configuration list for PBXNativeTarget "UnderdogDevsTests" */ = {
			isa = XCConfigurationList;
			buildConfigurations = (
				9B56406625CCE4FC007E7EA4 /* Debug */,
				9B56406725CCE4FC007E7EA4 /* Release */,
			);
			defaultConfigurationIsVisible = 0;
			defaultConfigurationName = Release;
		};
/* End XCConfigurationList section */
	};
	rootObject = 9B2AC8E92589C06000899B0F /* Project object */;
}
